
Microsoft Visual Studio Solution File, Format Version 12.00
# Visual Studio 2012
Project("{FAE04EC0-301F-11D3-BF4B-00C04F79EFBC}") = "IndigoEngine", "IndigoEngine\IndigoEngine.csproj", "{41A0E5A7-0309-4B97-8F23-1ADC1B921448}"
EndProject
Project("{FAE04EC0-301F-11D3-BF4B-00C04F79EFBC}") = "TextUI", "TextUI\TextUI.csproj", "{3BAF5703-7906-4CE8-B12D-F479694E3FDB}"
EndProject
Project("{FAE04EC0-301F-11D3-BF4B-00C04F79EFBC}") = "GraphicalUI", "GraphicalUI\GraphicalUI.csproj", "{BE1590BF-4EA1-4125-8519-F91FA124B921}"
EndProject
Project("{2150E333-8FDC-42A3-9474-1A3956D46DE8}") = "Solution Items", "Solution Items", "{E7F002BA-DCDC-450C-950F-F393D6F3165E}"
	ProjectSection(SolutionItems) = preProject
		IndigoPrototype.vsmdi = IndigoPrototype.vsmdi
		Local.testsettings = Local.testsettings
		ext\NLog.dll = ext\NLog.dll
		ext\NLog.Extended.dll = ext\NLog.Extended.dll
		TraceAndTestImpact.testsettings = TraceAndTestImpact.testsettings
	EndProjectSection
EndProject
Project("{FAE04EC0-301F-11D3-BF4B-00C04F79EFBC}") = "TestProject", "TestProject\TestProject.csproj", "{96D966F8-7787-448C-9730-C8EB6A93EE0B}"
EndProject
Global
	GlobalSection(TestCaseManagementSettings) = postSolution
		CategoryFile = IndigoPrototype.vsmdi
	EndGlobalSection
	GlobalSection(SolutionConfigurationPlatforms) = preSolution
		Debug|Any CPU = Debug|Any CPU
		Debug|Mixed Platforms = Debug|Mixed Platforms
		Debug|x86 = Debug|x86
		Release|Any CPU = Release|Any CPU
		Release|Mixed Platforms = Release|Mixed Platforms
		Release|x86 = Release|x86
	EndGlobalSection
	GlobalSection(ProjectConfigurationPlatforms) = postSolution
		{41A0E5A7-0309-4B97-8F23-1ADC1B921448}.Debug|Any CPU.ActiveCfg = Debug|Any CPU
		{41A0E5A7-0309-4B97-8F23-1ADC1B921448}.Debug|Any CPU.Build.0 = Debug|Any CPU
		{41A0E5A7-0309-4B97-8F23-1ADC1B921448}.Debug|Mixed Platforms.ActiveCfg = Debug|Any CPU
		{41A0E5A7-0309-4B97-8F23-1ADC1B921448}.Debug|Mixed Platforms.Build.0 = Debug|Any CPU
		{41A0E5A7-0309-4B97-8F23-1ADC1B921448}.Debug|x86.ActiveCfg = Debug|Any CPU
		{41A0E5A7-0309-4B97-8F23-1ADC1B921448}.Release|Any CPU.ActiveCfg = Release|Any CPU
		{41A0E5A7-0309-4B97-8F23-1ADC1B921448}.Release|Any CPU.Build.0 = Release|Any CPU
		{41A0E5A7-0309-4B97-8F23-1ADC1B921448}.Release|Mixed Platforms.ActiveCfg = Release|Any CPU
		{41A0E5A7-0309-4B97-8F23-1ADC1B921448}.Release|Mixed Platforms.Build.0 = Release|Any CPU
		{41A0E5A7-0309-4B97-8F23-1ADC1B921448}.Release|x86.ActiveCfg = Release|Any CPU
		{3BAF5703-7906-4CE8-B12D-F479694E3FDB}.Debug|Any CPU.ActiveCfg = Debug|x86
		{3BAF5703-7906-4CE8-B12D-F479694E3FDB}.Debug|Mixed Platforms.ActiveCfg = Debug|x86
		{3BAF5703-7906-4CE8-B12D-F479694E3FDB}.Debug|Mixed Platforms.Build.0 = Debug|x86
		{3BAF5703-7906-4CE8-B12D-F479694E3FDB}.Debug|x86.ActiveCfg = Debug|x86
		{3BAF5703-7906-4CE8-B12D-F479694E3FDB}.Debug|x86.Build.0 = Debug|x86
		{3BAF5703-7906-4CE8-B12D-F479694E3FDB}.Release|Any CPU.ActiveCfg = Release|x86
		{3BAF5703-7906-4CE8-B12D-F479694E3FDB}.Release|Mixed Platforms.ActiveCfg = Release|x86
		{3BAF5703-7906-4CE8-B12D-F479694E3FDB}.Release|Mixed Platforms.Build.0 = Release|x86
		{3BAF5703-7906-4CE8-B12D-F479694E3FDB}.Release|x86.ActiveCfg = Release|x86
		{3BAF5703-7906-4CE8-B12D-F479694E3FDB}.Release|x86.Build.0 = Release|x86
		{BE1590BF-4EA1-4125-8519-F91FA124B921}.Debug|Any CPU.ActiveCfg = Debug|x86
		{BE1590BF-4EA1-4125-8519-F91FA124B921}.Debug|Mixed Platforms.ActiveCfg = Debug|x86
		{BE1590BF-4EA1-4125-8519-F91FA124B921}.Debug|Mixed Platforms.Build.0 = Debug|x86
		{BE1590BF-4EA1-4125-8519-F91FA124B921}.Debug|x86.ActiveCfg = Debug|x86
		{BE1590BF-4EA1-4125-8519-F91FA124B921}.Debug|x86.Build.0 = Debug|x86
		{BE1590BF-4EA1-4125-8519-F91FA124B921}.Release|Any CPU.ActiveCfg = Release|x86
		{BE1590BF-4EA1-4125-8519-F91FA124B921}.Release|Mixed Platforms.ActiveCfg = Release|x86
		{BE1590BF-4EA1-4125-8519-F91FA124B921}.Release|Mixed Platforms.Build.0 = Release|x86
		{BE1590BF-4EA1-4125-8519-F91FA124B921}.Release|x86.ActiveCfg = Release|x86
		{BE1590BF-4EA1-4125-8519-F91FA124B921}.Release|x86.Build.0 = Release|x86
		{96D966F8-7787-448C-9730-C8EB6A93EE0B}.Debug|Any CPU.ActiveCfg = Debug|Any CPU
		{96D966F8-7787-448C-9730-C8EB6A93EE0B}.Debug|Any CPU.Build.0 = Debug|Any CPU
		{96D966F8-7787-448C-9730-C8EB6A93EE0B}.Debug|Mixed Platforms.ActiveCfg = Debug|Any CPU
		{96D966F8-7787-448C-9730-C8EB6A93EE0B}.Debug|Mixed Platforms.Build.0 = Debug|Any CPU
		{96D966F8-7787-448C-9730-C8EB6A93EE0B}.Debug|x86.ActiveCfg = Debug|Any CPU
		{96D966F8-7787-448C-9730-C8EB6A93EE0B}.Release|Any CPU.ActiveCfg = Release|Any CPU
		{96D966F8-7787-448C-9730-C8EB6A93EE0B}.Release|Any CPU.Build.0 = Release|Any CPU
		{96D966F8-7787-448C-9730-C8EB6A93EE0B}.Release|Mixed Platforms.ActiveCfg = Release|Any CPU
		{96D966F8-7787-448C-9730-C8EB6A93EE0B}.Release|Mixed Platforms.Build.0 = Release|Any CPU
		{96D966F8-7787-448C-9730-C8EB6A93EE0B}.Release|x86.ActiveCfg = Release|Any CPU
	EndGlobalSection
	GlobalSection(SolutionProperties) = preSolution
		HideSolutionNode = FALSE
	EndGlobalSection
	GlobalSection(Performance) = preSolution
		HasPerformanceSessions = true
	EndGlobalSection
EndGlobal
